{
  "requires": true,
  "lockfileVersion": 1,
  "dependencies": {
    "bulma-extensions": {
      "version": "4.0.1",
      "resolved": "https://registry.npmjs.org/bulma-extensions/-/bulma-extensions-4.0.1.tgz",
      "integrity": "sha512-gyn8OXlZWWRyOEh1Do1oKzZj3BuPFzruBK6tPhDs13cxPF539P7jvK+LVttQQPUIRq5B2WCjR/JaZmXSPxKg1g=="
    }
  }
}
